
Microsoft Visual Studio Solution File, Format Version 12.00
# Visual Studio Version 17
VisualStudioVersion = 17.8.34330.188
MinimumVisualStudioVersion = 10.0.40219.1
Project("{FAE04EC0-301F-11D3-BF4B-00C04F79EFBC}") = "PVAnlageApi", "PVAnlageApi.csproj", "{59950381-F5DE-4C0E-A0C5-1B9EECD01B1E}"
EndProject
Global
	GlobalSection(SolutionConfigurationPlatforms) = preSolution
		Debug|Any CPU = Debug|Any CPU
		Release|Any CPU = Release|Any CPU
	EndGlobalSection
	GlobalSection(ProjectConfigurationPlatforms) = postSolution
		{59950381-F5DE-4C0E-A0C5-1B9EECD01B1E}.Debug|Any CPU.ActiveCfg = Debug|Any CPU
		{59950381-F5DE-4C0E-A0C5-1B9EECD01B1E}.Debug|Any CPU.Build.0 = Debug|Any CPU
		{59950381-F5DE-4C0E-A0C5-1B9EECD01B1E}.Release|Any CPU.ActiveCfg = Release|Any CPU
		{59950381-F5DE-4C0E-A0C5-1B9EECD01B1E}.Release|Any CPU.Build.0 = Release|Any CPU
	EndGlobalSection
	GlobalSection(SolutionProperties) = preSolution
		HideSolutionNode = FALSE
	EndGlobalSection
	GlobalSection(ExtensibilityGlobals) = postSolution
		SolutionGuid = {57F8F45C-6269-43AD-80D4-37AA3867EA6A}
	EndGlobalSection
EndGlobal
