
Microsoft Visual Studio Solution File, Format Version 12.00
# Visual Studio Version 17
VisualStudioVersion = 17.8.34511.84
MinimumVisualStudioVersion = 10.0.40219.1
Project("{FAE04EC0-301F-11D3-BF4B-00C04F79EFBC}") = "MinerAPI", "MinerAPI\MinerAPI.csproj", "{45F685C4-2453-435A-99A8-0CE8B8ED815D}"
EndProject
Global
	GlobalSection(SolutionConfigurationPlatforms) = preSolution
		Debug|Any CPU = Debug|Any CPU
		Release|Any CPU = Release|Any CPU
	EndGlobalSection
	GlobalSection(ProjectConfigurationPlatforms) = postSolution
		{45F685C4-2453-435A-99A8-0CE8B8ED815D}.Debug|Any CPU.ActiveCfg = Debug|Any CPU
		{45F685C4-2453-435A-99A8-0CE8B8ED815D}.Debug|Any CPU.Build.0 = Debug|Any CPU
		{45F685C4-2453-435A-99A8-0CE8B8ED815D}.Release|Any CPU.ActiveCfg = Release|Any CPU
		{45F685C4-2453-435A-99A8-0CE8B8ED815D}.Release|Any CPU.Build.0 = Release|Any CPU
	EndGlobalSection
	GlobalSection(SolutionProperties) = preSolution
		HideSolutionNode = FALSE
	EndGlobalSection
	GlobalSection(ExtensibilityGlobals) = postSolution
		SolutionGuid = {FBE1F06A-13D6-45FA-BF00-52D19F561E60}
	EndGlobalSection
EndGlobal
